
Microsoft Visual Studio Solution File, Format Version 12.00
# Visual Studio Version 17
VisualStudioVersion = 17.8.34511.84
MinimumVisualStudioVersion = 10.0.40219.1
Project("{FAE04EC0-301F-11D3-BF4B-00C04F79EFBC}") = "WebApp", "WebApp\WebApp.csproj", "{27F88515-FF2A-4E00-919F-C22223F8BBAC}"
EndProject
Global
	GlobalSection(SolutionConfigurationPlatforms) = preSolution
		Debug|Any CPU = Debug|Any CPU
		Release|Any CPU = Release|Any CPU
	EndGlobalSection
	GlobalSection(ProjectConfigurationPlatforms) = postSolution
		{27F88515-FF2A-4E00-919F-C22223F8BBAC}.Debug|Any CPU.ActiveCfg = Debug|Any CPU
		{27F88515-FF2A-4E00-919F-C22223F8BBAC}.Debug|Any CPU.Build.0 = Debug|Any CPU
		{27F88515-FF2A-4E00-919F-C22223F8BBAC}.Release|Any CPU.ActiveCfg = Release|Any CPU
		{27F88515-FF2A-4E00-919F-C22223F8BBAC}.Release|Any CPU.Build.0 = Release|Any CPU
	EndGlobalSection
	GlobalSection(SolutionProperties) = preSolution
		HideSolutionNode = FALSE
	EndGlobalSection
	GlobalSection(ExtensibilityGlobals) = postSolution
		SolutionGuid = {385F4C43-B011-4FB0-ACED-9A3B6E07E21B}
	EndGlobalSection
EndGlobal
